
Microsoft Visual Studio Solution File, Format Version 12.00
# Visual Studio Version 16
VisualStudioVersion = 16.0.33214.272
MinimumVisualStudioVersion = 10.0.40219.1
Project("{FAE04EC0-301F-11D3-BF4B-00C04F79EFBC}") = "GuessingGame", "GuessingGame\GuessingGame.csproj", "{06B5ACFB-5BF7-4687-8FB3-D6DB34E4D59E}"
EndProject
Global
	GlobalSection(SolutionConfigurationPlatforms) = preSolution
		Debug|Any CPU = Debug|Any CPU
		Release|Any CPU = Release|Any CPU
	EndGlobalSection
	GlobalSection(ProjectConfigurationPlatforms) = postSolution
		{06B5ACFB-5BF7-4687-8FB3-D6DB34E4D59E}.Debug|Any CPU.ActiveCfg = Debug|Any CPU
		{06B5ACFB-5BF7-4687-8FB3-D6DB34E4D59E}.Debug|Any CPU.Build.0 = Debug|Any CPU
		{06B5ACFB-5BF7-4687-8FB3-D6DB34E4D59E}.Release|Any CPU.ActiveCfg = Release|Any CPU
		{06B5ACFB-5BF7-4687-8FB3-D6DB34E4D59E}.Release|Any CPU.Build.0 = Release|Any CPU
	EndGlobalSection
	GlobalSection(SolutionProperties) = preSolution
		HideSolutionNode = FALSE
	EndGlobalSection
	GlobalSection(ExtensibilityGlobals) = postSolution
		SolutionGuid = {1D13070B-A516-42BE-A28F-21B5C377C7B0}
	EndGlobalSection
EndGlobal
