
Microsoft Visual Studio Solution File, Format Version 12.00
# Visual Studio Version 16
VisualStudioVersion = 16.0.33214.272
MinimumVisualStudioVersion = 10.0.40219.1
Project("{FAE04EC0-301F-11D3-BF4B-00C04F79EFBC}") = "Flights", "Flights\Flights.csproj", "{FF5CBF08-4206-4731-BF2E-DA4BEB0FD918}"
EndProject
Global
	GlobalSection(SolutionConfigurationPlatforms) = preSolution
		Debug|Any CPU = Debug|Any CPU
		Release|Any CPU = Release|Any CPU
	EndGlobalSection
	GlobalSection(ProjectConfigurationPlatforms) = postSolution
		{FF5CBF08-4206-4731-BF2E-DA4BEB0FD918}.Debug|Any CPU.ActiveCfg = Debug|Any CPU
		{FF5CBF08-4206-4731-BF2E-DA4BEB0FD918}.Debug|Any CPU.Build.0 = Debug|Any CPU
		{FF5CBF08-4206-4731-BF2E-DA4BEB0FD918}.Release|Any CPU.ActiveCfg = Release|Any CPU
		{FF5CBF08-4206-4731-BF2E-DA4BEB0FD918}.Release|Any CPU.Build.0 = Release|Any CPU
	EndGlobalSection
	GlobalSection(SolutionProperties) = preSolution
		HideSolutionNode = FALSE
	EndGlobalSection
	GlobalSection(ExtensibilityGlobals) = postSolution
		SolutionGuid = {30CE547E-9867-4150-99E0-92376D1652B8}
	EndGlobalSection
EndGlobal
