
Microsoft Visual Studio Solution File, Format Version 12.00
# Visual Studio Version 16
VisualStudioVersion = 16.0.33214.272
MinimumVisualStudioVersion = 10.0.40219.1
Project("{FAE04EC0-301F-11D3-BF4B-00C04F79EFBC}") = "DebugEleven01", "DebugEleven01\DebugEleven01.csproj", "{90C61831-242F-4561-BB73-B0D8E1425AE9}"
EndProject
Global
	GlobalSection(SolutionConfigurationPlatforms) = preSolution
		Debug|Any CPU = Debug|Any CPU
		Release|Any CPU = Release|Any CPU
	EndGlobalSection
	GlobalSection(ProjectConfigurationPlatforms) = postSolution
		{90C61831-242F-4561-BB73-B0D8E1425AE9}.Debug|Any CPU.ActiveCfg = Debug|Any CPU
		{90C61831-242F-4561-BB73-B0D8E1425AE9}.Debug|Any CPU.Build.0 = Debug|Any CPU
		{90C61831-242F-4561-BB73-B0D8E1425AE9}.Release|Any CPU.ActiveCfg = Release|Any CPU
		{90C61831-242F-4561-BB73-B0D8E1425AE9}.Release|Any CPU.Build.0 = Release|Any CPU
	EndGlobalSection
	GlobalSection(SolutionProperties) = preSolution
		HideSolutionNode = FALSE
	EndGlobalSection
	GlobalSection(ExtensibilityGlobals) = postSolution
		SolutionGuid = {5C0EE9C1-7544-476B-899C-8F453AFEEC47}
	EndGlobalSection
EndGlobal
